
Microsoft Visual Studio Solution File, Format Version 12.00
# Visual Studio Version 16
VisualStudioVersion = 16.0.31729.503
MinimumVisualStudioVersion = 10.0.40219.1
Project("{9A19103F-16F7-4668-BE54-9A1E7A4F7556}") = "DogCueMicroservices", "DogCueMicroservices\DogCueMicroservices.csproj", "{EB8A5366-4239-4CEC-B79B-02D075FA8015}"
EndProject
Project("{9A19103F-16F7-4668-BE54-9A1E7A4F7556}") = "DogCueMicroservicesTest", "DogCueMicroservicesTest\DogCueMicroservicesTest.csproj", "{AC02CFF4-DE73-4A20-B0AF-46CCE02DD74A}"
EndProject
Project("{9A19103F-16F7-4668-BE54-9A1E7A4F7556}") = "DogCueMicroservicesXT", "DogCueMicroservicesXT\DogCueMicroservicesXT.csproj", "{F64D777C-662D-4776-AD43-56F08A0AD1B6}"
EndProject
Project("{FAE04EC0-301F-11D3-BF4B-00C04F79EFBC}") = "DogCueMicroservicesTestMock", "DogCueMicroservicesTestMock\DogCueMicroservicesTestMock.csproj", "{E57452F3-CBF9-49DB-B1A5-76A19AFC0B86}"
EndProject
Project("{FAE04EC0-301F-11D3-BF4B-00C04F79EFBC}") = "DogCueWriteMicroservices", "DogCueWriteMicroservices\DogCueWriteMicroservices.csproj", "{8608B039-0906-4684-B0E4-E86522FA8C81}"
EndProject
Global
	GlobalSection(SolutionConfigurationPlatforms) = preSolution
		Debug|Any CPU = Debug|Any CPU
		Release|Any CPU = Release|Any CPU
	EndGlobalSection
	GlobalSection(ProjectConfigurationPlatforms) = postSolution
		{EB8A5366-4239-4CEC-B79B-02D075FA8015}.Debug|Any CPU.ActiveCfg = Debug|Any CPU
		{EB8A5366-4239-4CEC-B79B-02D075FA8015}.Debug|Any CPU.Build.0 = Debug|Any CPU
		{EB8A5366-4239-4CEC-B79B-02D075FA8015}.Release|Any CPU.ActiveCfg = Release|Any CPU
		{EB8A5366-4239-4CEC-B79B-02D075FA8015}.Release|Any CPU.Build.0 = Release|Any CPU
		{AC02CFF4-DE73-4A20-B0AF-46CCE02DD74A}.Debug|Any CPU.ActiveCfg = Debug|Any CPU
		{AC02CFF4-DE73-4A20-B0AF-46CCE02DD74A}.Debug|Any CPU.Build.0 = Debug|Any CPU
		{AC02CFF4-DE73-4A20-B0AF-46CCE02DD74A}.Release|Any CPU.ActiveCfg = Release|Any CPU
		{AC02CFF4-DE73-4A20-B0AF-46CCE02DD74A}.Release|Any CPU.Build.0 = Release|Any CPU
		{F64D777C-662D-4776-AD43-56F08A0AD1B6}.Debug|Any CPU.ActiveCfg = Debug|Any CPU
		{F64D777C-662D-4776-AD43-56F08A0AD1B6}.Debug|Any CPU.Build.0 = Debug|Any CPU
		{F64D777C-662D-4776-AD43-56F08A0AD1B6}.Release|Any CPU.ActiveCfg = Release|Any CPU
		{F64D777C-662D-4776-AD43-56F08A0AD1B6}.Release|Any CPU.Build.0 = Release|Any CPU
		{E57452F3-CBF9-49DB-B1A5-76A19AFC0B86}.Debug|Any CPU.ActiveCfg = Debug|Any CPU
		{E57452F3-CBF9-49DB-B1A5-76A19AFC0B86}.Debug|Any CPU.Build.0 = Debug|Any CPU
		{E57452F3-CBF9-49DB-B1A5-76A19AFC0B86}.Release|Any CPU.ActiveCfg = Release|Any CPU
		{E57452F3-CBF9-49DB-B1A5-76A19AFC0B86}.Release|Any CPU.Build.0 = Release|Any CPU
		{8608B039-0906-4684-B0E4-E86522FA8C81}.Debug|Any CPU.ActiveCfg = Debug|Any CPU
		{8608B039-0906-4684-B0E4-E86522FA8C81}.Debug|Any CPU.Build.0 = Debug|Any CPU
		{8608B039-0906-4684-B0E4-E86522FA8C81}.Release|Any CPU.ActiveCfg = Release|Any CPU
		{8608B039-0906-4684-B0E4-E86522FA8C81}.Release|Any CPU.Build.0 = Release|Any CPU
	EndGlobalSection
	GlobalSection(SolutionProperties) = preSolution
		HideSolutionNode = FALSE
	EndGlobalSection
	GlobalSection(ExtensibilityGlobals) = postSolution
		SolutionGuid = {4A7AC85B-5FBC-460A-AC1C-F21037F6EA3E}
	EndGlobalSection
EndGlobal
